// !$*UTF8*$!
{
	archiveVersion = 1;
	classes = {
	};
	objectVersion = 50;
	objects = {

/* Begin PBXBuildFile section */
		93A4B52C2307E803000558AD /* AppDelegate.m in Sources */ = {isa = PBXBuildFile; fileRef = 93A4B52B2307E803000558AD /* AppDelegate.m */; };
		93A4B52F2307E803000558AD /* ViewController.m in Sources */ = {isa = PBXBuildFile; fileRef = 93A4B52E2307E803000558AD /* ViewController.m */; };
		93A4B5322307E803000558AD /* Main.storyboard in Resources */ = {isa = PBXBuildFile; fileRef = 93A4B5302307E803000558AD /* Main.storyboard */; };
		93A4B5342307E805000558AD /* Assets.xcassets in Resources */ = {isa = PBXBuildFile; fileRef = 93A4B5332307E805000558AD /* Assets.xcassets */; };
		93A4B5372307E805000558AD /* LaunchScreen.storyboard in Resources */ = {isa = PBXBuildFile; fileRef = 93A4B5352307E805000558AD /* LaunchScreen.storyboard */; };
		93A4B53A2307E805000558AD /* main.m in Sources */ = {isa = PBXBuildFile; fileRef = 93A4B5392307E805000558AD /* main.m */; };
		93A4B54223081F10000558AD /* CSBezierCurve.m in Sources */ = {isa = PBXBuildFile; fileRef = 93A4B54123081F0F000558AD /* CSBezierCurve.m */; };
/* End PBXBuildFile section */

/* Begin PBXFileReference section */
		93A4B5272307E803000558AD /* CAShapeLayer_ CoreAnimation.app */ = {isa = PBXFileReference; explicitFileType = wrapper.application; includeInIndex = 0; path = "CAShapeLayer_ CoreAnimation.app"; sourceTree = BUILT_PRODUCTS_DIR; };
		93A4B52A2307E803000558AD /* AppDelegate.h */ = {isa = PBXFileReference; lastKnownFileType = sourcecode.c.h; path = AppDelegate.h; sourceTree = "<group>"; };
		93A4B52B2307E803000558AD /* AppDelegate.m */ = {isa = PBXFileReference; lastKnownFileType = sourcecode.c.objc; path = AppDelegate.m; sourceTree = "<group>"; };
		93A4B52D2307E803000558AD /* ViewController.h */ = {isa = PBXFileReference; lastKnownFileType = sourcecode.c.h; path = ViewController.h; sourceTree = "<group>"; };
		93A4B52E2307E803000558AD /* ViewController.m */ = {isa = PBXFileReference; lastKnownFileType = sourcecode.c.objc; path = ViewController.m; sourceTree = "<group>"; };
		93A4B5312307E803000558AD /* Base */ = {isa = PBXFileReference; lastKnownFileType = file.storyboard; name = Base; path = Base.lproj/Main.storyboard; sourceTree = "<group>"; };
		93A4B5332307E805000558AD /* Assets.xcassets */ = {isa = PBXFileReference; lastKnownFileType = folder.assetcatalog; path = Assets.xcassets; sourceTree = "<group>"; };
		93A4B5362307E805000558AD /* Base */ = {isa = PBXFileReference; lastKnownFileType = file.storyboard; name = Base; path = Base.lproj/LaunchScreen.storyboard; sourceTree = "<group>"; };
		93A4B5382307E805000558AD /* Info.plist */ = {isa = PBXFileReference; lastKnownFileType = text.plist.xml; path = Info.plist; sourceTree = "<group>"; };
		93A4B5392307E805000558AD /* main.m */ = {isa = PBXFileReference; lastKnownFileType = sourcecode.c.objc; path = main.m; sourceTree = "<group>"; };
		93A4B54023081F0F000558AD /* CSBezierCurve.h */ = {isa = PBXFileReference; lastKnownFileType = sourcecode.c.h; path = CSBezierCurve.h; sourceTree = "<group>"; };
		93A4B54123081F0F000558AD /* CSBezierCurve.m */ = {isa = PBXFileReference; lastKnownFileType = sourcecode.c.objc; path = CSBezierCurve.m; sourceTree = "<group>"; };
/* End PBXFileReference section */

/* Begin PBXFrameworksBuildPhase section */
		93A4B5242307E803000558AD /* Frameworks */ = {
			isa = PBXFrameworksBuildPhase;
			buildActionMask = 2147483647;
			files = (
			);
			runOnlyForDeploymentPostprocessing = 0;
		};
/* End PBXFrameworksBuildPhase section */

/* Begin PBXGroup section */
		93A4B51E2307E803000558AD = {
			isa = PBXGroup;
			children = (
				93A4B5292307E803000558AD /* CAShapeLayer_ CoreAnimation */,
				93A4B5282307E803000558AD /* Products */,
			);
			sourceTree = "<group>";
		};
		93A4B5282307E803000558AD /* Products */ = {
			isa = PBXGroup;
			children = (
				93A4B5272307E803000558AD /* CAShapeLayer_ CoreAnimation.app */,
			);
			name = Products;
			sourceTree = "<group>";
		};
		93A4B5292307E803000558AD /* CAShapeLayer_ CoreAnimation */ = {
			isa = PBXGroup;
			children = (
				93A4B52A2307E803000558AD /* AppDelegate.h */,
				93A4B52B2307E803000558AD /* AppDelegate.m */,
				93A4B52D2307E803000558AD /* ViewController.h */,
				93A4B52E2307E803000558AD /* ViewController.m */,
				93A4B54023081F0F000558AD /* CSBezierCurve.h */,
				93A4B54123081F0F000558AD /* CSBezierCurve.m */,
				93A4B5302307E803000558AD /* Main.storyboard */,
				93A4B5332307E805000558AD /* Assets.xcassets */,
				93A4B5352307E805000558AD /* LaunchScreen.storyboard */,
				93A4B5382307E805000558AD /* Info.plist */,
				93A4B5392307E805000558AD /* main.m */,
			);
			path = "CAShapeLayer_ CoreAnimation";
			sourceTree = "<group>";
		};
/* End PBXGroup section */

/* Begin PBXNativeTarget section */
		93A4B5262307E803000558AD /* CAShapeLayer_ CoreAnimation */ = {
			isa = PBXNativeTarget;
			buildConfigurationList = 93A4B53D2307E805000558AD /* Build configuration list for PBXNativeTarget "CAShapeLayer_ CoreAnimation" */;
			buildPhases = (
				93A4B5232307E803000558AD /* Sources */,
				93A4B5242307E803000558AD /* Frameworks */,
				93A4B5252307E803000558AD /* Resources */,
			);
			buildRules = (
			);
			dependencies = (
			);
			name = "CAShapeLayer_ CoreAnimation";
			productName = "CAShapeLayer_ CoreAnimation";
			productReference = 93A4B5272307E803000558AD /* CAShapeLayer_ CoreAnimation.app */;
			productType = "com.apple.product-type.application";
		};
/* End PBXNativeTarget section */

/* Begin PBXProject section */
		93A4B51F2307E803000558AD /* Project object */ = {
			isa = PBXProject;
			attributes = {
				LastUpgradeCheck = 1020;
				ORGANIZATIONNAME = chenshuang;
				TargetAttributes = {
					93A4B5262307E803000558AD = {
						CreatedOnToolsVersion = 10.2.1;
					};
				};
			};
			buildConfigurationList = 93A4B5222307E803000558AD /* Build configuration list for PBXProject "CAShapeLayer_ CoreAnimation" */;
			compatibilityVersion = "Xcode 9.3";
			developmentRegion = en;
			hasScannedForEncodings = 0;
			knownRegions = (
				en,
				Base,
			);
			mainGroup = 93A4B51E2307E803000558AD;
			productRefGroup = 93A4B5282307E803000558AD /* Products */;
			projectDirPath = "";
			projectRoot = "";
			targets = (
				93A4B5262307E803000558AD /* CAShapeLayer_ CoreAnimation */,
			);
		};
/* End PBXProject section */

/* Begin PBXResourcesBuildPhase section */
		93A4B5252307E803000558AD /* Resources */ = {
			isa = PBXResourcesBuildPhase;
			buildActionMask = 2147483647;
			files = (
				93A4B5372307E805000558AD /* LaunchScreen.storyboard in Resources */,
				93A4B5342307E805000558AD /* Assets.xcassets in Resources */,
				93A4B5322307E803000558AD /* Main.storyboard in Resources */,
			);
			runOnlyForDeploymentPostprocessing = 0;
		};
/* End PBXResourcesBuildPhase section */

/* Begin PBXSourcesBuildPhase section */
		93A4B5232307E803000558AD /* Sources */ = {
			isa = PBXSourcesBuildPhase;
			buildActionMask = 2147483647;
			files = (
				93A4B52F2307E803000558AD /* ViewController.m in Sources */,
				93A4B53A2307E805000558AD /* main.m in Sources */,
				93A4B54223081F10000558AD /* CSBezierCurve.m in Sources */,
				93A4B52C2307E803000558AD /* AppDelegate.m in Sources */,
			);
			runOnlyForDeploymentPostprocessing = 0;
		};
/* End PBXSourcesBuildPhase section */

/* Begin PBXVariantGroup section */
		93A4B5302307E803000558AD /* Main.storyboard */ = {
			isa = PBXVariantGroup;
			children = (
				93A4B5312307E803000558AD /* Base */,
			);
			name = Main.storyboard;
			sourceTree = "<group>";
		};
		93A4B5352307E805000558AD /* LaunchScreen.storyboard */ = {
			isa = PBXVariantGroup;
			children = (
				93A4B5362307E805000558AD /* Base */,
			);
			name = LaunchScreen.storyboard;
			sourceTree = "<group>";
		};
/* End PBXVariantGroup section */

/* Begin XCBuildConfiguration section */
		93A4B53B2307E805000558AD /* Debug */ = {
			isa = XCBuildConfiguration;
			buildSettings = {
				ALWAYS_SEARCH_USER_PATHS = NO;
				CLANG_ANALYZER_NONNULL = YES;
				CLANG_ANALYZER_NUMBER_OBJECT_CONVERSION = YES_AGGRESSIVE;
				CLANG_CXX_LANGUAGE_STANDARD = "gnu++14";
				CLANG_CXX_LIBRARY = "libc++";
				CLANG_ENABLE_MODULES = YES;
				CLANG_ENABLE_OBJC_ARC = YES;
				CLANG_ENABLE_OBJC_WEAK = YES;
				CLANG_WARN_BLOCK_CAPTURE_AUTORELEASING = YES;
				CLANG_WARN_BOOL_CONVERSION = YES;
				CLANG_WARN_COMMA = YES;
				CLANG_WARN_CONSTANT_CONVERSION = YES;
				CLANG_WARN_DEPRECATED_OBJC_IMPLEMENTATIONS = YES;
				CLANG_WARN_DIRECT_OBJC_ISA_USAGE = YES_ERROR;
				CLANG_WARN_DOCUMENTATION_COMMENTS = YES;
				CLANG_WARN_EMPTY_BODY = YES;
				CLANG_WARN_ENUM_CONVERSION = YES;
				CLANG_WARN_INFINITE_RECURSION = YES;
				CLANG_WARN_INT_CONVERSION = YES;
				CLANG_WARN_NON_LITERAL_NULL_CONVERSION = YES;
				CLANG_WARN_OBJC_IMPLICIT_RETAIN_SELF = YES;
				CLANG_WARN_OBJC_LITERAL_CONVERSION = YES;
				CLANG_WARN_OBJC_ROOT_CLASS = YES_ERROR;
				CLANG_WARN_RANGE_LOOP_ANALYSIS = YES;
				CLANG_WARN_STRICT_PROTOTYPES = YES;
				CLANG_WARN_SUSPICIOUS_MOVE = YES;
				CLANG_WARN_UNGUARDED_AVAILABILITY = YES_AGGRESSIVE;
				CLANG_WARN_UNREACHABLE_CODE = YES;
				CLANG_WARN__DUPLICATE_METHOD_MATCH = YES;
				CODE_SIGN_IDENTITY = "iPhone Developer";
				COPY_PHASE_STRIP = NO;
				DEBUG_INFORMATION_FORMAT = dwarf;
				ENABLE_STRICT_OBJC_MSGSEND = YES;
				ENABLE_TESTABILITY = YES;
				GCC_C_LANGUAGE_STANDARD = gnu11;
				GCC_DYNAMIC_NO_PIC = NO;
				GCC_NO_COMMON_BLOCKS = YES;
				GCC_OPTIMIZATION_LEVEL = 0;
				GCC_PREPROCESSOR_DEFINITIONS = (
					"DEBUG=1",
					"$(inherited)",
				);
				GCC_WARN_64_TO_32_BIT_CONVERSION = YES;
				GCC_WARN_ABOUT_RETURN_TYPE = YES_ERROR;
				GCC_WARN_UNDECLARED_SELECTOR = YES;
				GCC_WARN_UNINITIALIZED_AUTOS = YES_AGGRESSIVE;
				GCC_WARN_UNUSED_FUNCTION = YES;
				GCC_WARN_UNUSED_VARIABLE = YES;
				IPHONEOS_DEPLOYMENT_TARGET = 12.2;
				MTL_ENABLE_DEBUG_INFO = INCLUDE_SOURCE;
				MTL_FAST_MATH = YES;
				ONLY_ACTIVE_ARCH = YES;
				SDKROOT = iphoneos;
			};
			name = Debug;
		};
		93A4B53C2307E805000558AD /* Release */ = {
			isa = XCBuildConfiguration;
			buildSettings = {
				ALWAYS_SEARCH_USER_PATHS = NO;
				CLANG_ANALYZER_NONNULL = YES;
				CLANG_ANALYZER_NUMBER_OBJECT_CONVERSION = YES_AGGRESSIVE;
				CLANG_CXX_LANGUAGE_STANDARD = "gnu++14";
				CLANG_CXX_LIBRARY = "libc++";
				CLANG_ENABLE_MODULES = YES;
				CLANG_ENABLE_OBJC_ARC = YES;
				CLANG_ENABLE_OBJC_WEAK = YES;
				CLANG_WARN_BLOCK_CAPTURE_AUTORELEASING = YES;
				CLANG_WARN_BOOL_CONVERSION = YES;
				CLANG_WARN_COMMA = YES;
				CLANG_WARN_CONSTANT_CONVERSION = YES;
				CLANG_WARN_DEPRECATED_OBJC_IMPLEMENTATIONS = YES;
				CLANG_WARN_DIRECT_OBJC_ISA_USAGE = YES_ERROR;
				CLANG_WARN_DOCUMENTATION_COMMENTS = YES;
				CLANG_WARN_EMPTY_BODY = YES;
				CLANG_WARN_ENUM_CONVERSION = YES;
				CLANG_WARN_INFINITE_RECURSION = YES;
				CLANG_WARN_INT_CONVERSION = YES;
				CLANG_WARN_NON_LITERAL_NULL_CONVERSION = YES;
				CLANG_WARN_OBJC_IMPLICIT_RETAIN_SELF = YES;
				CLANG_WARN_OBJC_LITERAL_CONVERSION = YES;
				CLANG_WARN_OBJC_ROOT_CLASS = YES_ERROR;
				CLANG_WARN_RANGE_LOOP_ANALYSIS = YES;
				CLANG_WARN_STRICT_PROTOTYPES = YES;
				CLANG_WARN_SUSPICIOUS_MOVE = YES;
				CLANG_WARN_UNGUARDED_AVAILABILITY = YES_AGGRESSIVE;
				CLANG_WARN_UNREACHABLE_CODE = YES;
				CLANG_WARN__DUPLICATE_METHOD_MATCH = YES;
				CODE_SIGN_IDENTITY = "iPhone Developer";
				COPY_PHASE_STRIP = NO;
				DEBUG_INFORMATION_FORMAT = "dwarf-with-dsym";
				ENABLE_NS_ASSERTIONS = NO;
				ENABLE_STRICT_OBJC_MSGSEND = YES;
				GCC_C_LANGUAGE_STANDARD = gnu11;
				GCC_NO_COMMON_BLOCKS = YES;
				GCC_WARN_64_TO_32_BIT_CONVERSION = YES;
				GCC_WARN_ABOUT_RETURN_TYPE = YES_ERROR;
				GCC_WARN_UNDECLARED_SELECTOR = YES;
				GCC_WARN_UNINITIALIZED_AUTOS = YES_AGGRESSIVE;
				GCC_WARN_UNUSED_FUNCTION = YES;
				GCC_WARN_UNUSED_VARIABLE = YES;
				IPHONEOS_DEPLOYMENT_TARGET = 12.2;
				MTL_ENABLE_DEBUG_INFO = NO;
				MTL_FAST_MATH = YES;
				SDKROOT = iphoneos;
				VALIDATE_PRODUCT = YES;
			};
			name = Release;
		};
		93A4B53E2307E805000558AD /* Debug */ = {
			isa = XCBuildConfiguration;
			buildSettings = {
				ASSETCATALOG_COMPILER_APPICON_NAME = AppIcon;
				CODE_SIGN_STYLE = Automatic;
				DEVELOPMENT_TEAM = C2V259WG54;
				INFOPLIST_FILE = "CAShapeLayer_ CoreAnimation/Info.plist";
				LD_RUNPATH_SEARCH_PATHS = (
					"$(inherited)",
					"@executable_path/Frameworks",
				);
				PRODUCT_BUNDLE_IDENTIFIER = "com.chen.CAShapeLayer--CoreAnimation";
				PRODUCT_NAME = "$(TARGET_NAME)";
				TARGETED_DEVICE_FAMILY = "1,2";
			};
			name = Debug;
		};
		93A4B53F2307E805000558AD /* Release */ = {
			isa = XCBuildConfiguration;
			buildSettings = {
				ASSETCATALOG_COMPILER_APPICON_NAME = AppIcon;
				CODE_SIGN_STYLE = Automatic;
				DEVELOPMENT_TEAM = C2V259WG54;
				INFOPLIST_FILE = "CAShapeLayer_ CoreAnimation/Info.plist";
				LD_RUNPATH_SEARCH_PATHS = (
					"$(inherited)",
					"@executable_path/Frameworks",
				);
				PRODUCT_BUNDLE_IDENTIFIER = "com.chen.CAShapeLayer--CoreAnimation";
				PRODUCT_NAME = "$(TARGET_NAME)";
				TARGETED_DEVICE_FAMILY = "1,2";
			};
			name = Release;
		};
/* End XCBuildConfiguration section */

/* Begin XCConfigurationList section */
		93A4B5222307E803000558AD /* Build configuration list for PBXProject "CAShapeLayer_ CoreAnimation" */ = {
			isa = XCConfigurationList;
			buildConfigurations = (
				93A4B53B2307E805000558AD /* Debug */,
				93A4B53C2307E805000558AD /* Release */,
			);
			defaultConfigurationIsVisible = 0;
			defaultConfigurationName = Release;
		};
		93A4B53D2307E805000558AD /* Build configuration list for PBXNativeTarget "CAShapeLayer_ CoreAnimation" */ = {
			isa = XCConfigurationList;
			buildConfigurations = (
				93A4B53E2307E805000558AD /* Debug */,
				93A4B53F2307E805000558AD /* Release */,
			);
			defaultConfigurationIsVisible = 0;
			defaultConfigurationName = Release;
		};
/* End XCConfigurationList section */
	};
	rootObject = 93A4B51F2307E803000558AD /* Project object */;
}
