// !$*UTF8*$!
{
	archiveVersion = 1;
	classes = {
	};
	objectVersion = 50;
	objects = {

/* Begin PBXBuildFile section */
		93448372235FDAA30011D3CD /* 5.png in Resources */ = {isa = PBXBuildFile; fileRef = 9344836C235FDAA10011D3CD /* 5.png */; };
		93448373235FDAA30011D3CD /* 4.jpeg in Resources */ = {isa = PBXBuildFile; fileRef = 9344836D235FDAA10011D3CD /* 4.jpeg */; };
		93448374235FDAA30011D3CD /* 6.jpeg in Resources */ = {isa = PBXBuildFile; fileRef = 9344836E235FDAA20011D3CD /* 6.jpeg */; };
		93448375235FDAA30011D3CD /* 3.jpg in Resources */ = {isa = PBXBuildFile; fileRef = 9344836F235FDAA20011D3CD /* 3.jpg */; };
		93448376235FDAA30011D3CD /* 2.jpg in Resources */ = {isa = PBXBuildFile; fileRef = 93448370235FDAA30011D3CD /* 2.jpg */; };
		93448377235FDAA30011D3CD /* 1.png in Resources */ = {isa = PBXBuildFile; fileRef = 93448371235FDAA30011D3CD /* 1.png */; };
		93448379235FDACA0011D3CD /* 0.jpg in Resources */ = {isa = PBXBuildFile; fileRef = 93448378235FDACA0011D3CD /* 0.jpg */; };
		934E688B235D3E7E00BC7457 /* AppDelegate.m in Sources */ = {isa = PBXBuildFile; fileRef = 934E688A235D3E7E00BC7457 /* AppDelegate.m */; };
		934E688E235D3E7E00BC7457 /* SceneDelegate.m in Sources */ = {isa = PBXBuildFile; fileRef = 934E688D235D3E7E00BC7457 /* SceneDelegate.m */; };
		934E6891235D3E7E00BC7457 /* ViewController.m in Sources */ = {isa = PBXBuildFile; fileRef = 934E6890235D3E7E00BC7457 /* ViewController.m */; };
		934E6894235D3E7E00BC7457 /* Main.storyboard in Resources */ = {isa = PBXBuildFile; fileRef = 934E6892235D3E7E00BC7457 /* Main.storyboard */; };
		934E6896235D3E8200BC7457 /* Assets.xcassets in Resources */ = {isa = PBXBuildFile; fileRef = 934E6895235D3E8200BC7457 /* Assets.xcassets */; };
		934E6899235D3E8200BC7457 /* LaunchScreen.storyboard in Resources */ = {isa = PBXBuildFile; fileRef = 934E6897235D3E8200BC7457 /* LaunchScreen.storyboard */; };
		934E689C235D3E8200BC7457 /* main.m in Sources */ = {isa = PBXBuildFile; fileRef = 934E689B235D3E8200BC7457 /* main.m */; };
/* End PBXBuildFile section */

/* Begin PBXFileReference section */
		9344836C235FDAA10011D3CD /* 5.png */ = {isa = PBXFileReference; lastKnownFileType = image.png; path = 5.png; sourceTree = "<group>"; };
		9344836D235FDAA10011D3CD /* 4.jpeg */ = {isa = PBXFileReference; lastKnownFileType = image.jpeg; path = 4.jpeg; sourceTree = "<group>"; };
		9344836E235FDAA20011D3CD /* 6.jpeg */ = {isa = PBXFileReference; lastKnownFileType = image.jpeg; path = 6.jpeg; sourceTree = "<group>"; };
		9344836F235FDAA20011D3CD /* 3.jpg */ = {isa = PBXFileReference; lastKnownFileType = image.jpeg; path = 3.jpg; sourceTree = "<group>"; };
		93448370235FDAA30011D3CD /* 2.jpg */ = {isa = PBXFileReference; lastKnownFileType = image.jpeg; path = 2.jpg; sourceTree = "<group>"; };
		93448371235FDAA30011D3CD /* 1.png */ = {isa = PBXFileReference; lastKnownFileType = image.png; path = 1.png; sourceTree = "<group>"; };
		93448378235FDACA0011D3CD /* 0.jpg */ = {isa = PBXFileReference; lastKnownFileType = image.jpeg; path = 0.jpg; sourceTree = "<group>"; };
		934E6886235D3E7E00BC7457 /* PerformanceOptimization_10.app */ = {isa = PBXFileReference; explicitFileType = wrapper.application; includeInIndex = 0; path = PerformanceOptimization_10.app; sourceTree = BUILT_PRODUCTS_DIR; };
		934E6889235D3E7E00BC7457 /* AppDelegate.h */ = {isa = PBXFileReference; lastKnownFileType = sourcecode.c.h; path = AppDelegate.h; sourceTree = "<group>"; };
		934E688A235D3E7E00BC7457 /* AppDelegate.m */ = {isa = PBXFileReference; lastKnownFileType = sourcecode.c.objc; path = AppDelegate.m; sourceTree = "<group>"; };
		934E688C235D3E7E00BC7457 /* SceneDelegate.h */ = {isa = PBXFileReference; lastKnownFileType = sourcecode.c.h; path = SceneDelegate.h; sourceTree = "<group>"; };
		934E688D235D3E7E00BC7457 /* SceneDelegate.m */ = {isa = PBXFileReference; lastKnownFileType = sourcecode.c.objc; path = SceneDelegate.m; sourceTree = "<group>"; };
		934E688F235D3E7E00BC7457 /* ViewController.h */ = {isa = PBXFileReference; lastKnownFileType = sourcecode.c.h; path = ViewController.h; sourceTree = "<group>"; };
		934E6890235D3E7E00BC7457 /* ViewController.m */ = {isa = PBXFileReference; lastKnownFileType = sourcecode.c.objc; path = ViewController.m; sourceTree = "<group>"; };
		934E6893235D3E7E00BC7457 /* Base */ = {isa = PBXFileReference; lastKnownFileType = file.storyboard; name = Base; path = Base.lproj/Main.storyboard; sourceTree = "<group>"; };
		934E6895235D3E8200BC7457 /* Assets.xcassets */ = {isa = PBXFileReference; lastKnownFileType = folder.assetcatalog; path = Assets.xcassets; sourceTree = "<group>"; };
		934E6898235D3E8200BC7457 /* Base */ = {isa = PBXFileReference; lastKnownFileType = file.storyboard; name = Base; path = Base.lproj/LaunchScreen.storyboard; sourceTree = "<group>"; };
		934E689A235D3E8200BC7457 /* Info.plist */ = {isa = PBXFileReference; lastKnownFileType = text.plist.xml; path = Info.plist; sourceTree = "<group>"; };
		934E689B235D3E8200BC7457 /* main.m */ = {isa = PBXFileReference; lastKnownFileType = sourcecode.c.objc; path = main.m; sourceTree = "<group>"; };
/* End PBXFileReference section */

/* Begin PBXFrameworksBuildPhase section */
		934E6883235D3E7E00BC7457 /* Frameworks */ = {
			isa = PBXFrameworksBuildPhase;
			buildActionMask = 2147483647;
			files = (
			);
			runOnlyForDeploymentPostprocessing = 0;
		};
/* End PBXFrameworksBuildPhase section */

/* Begin PBXGroup section */
		934E687D235D3E7E00BC7457 = {
			isa = PBXGroup;
			children = (
				934E6888235D3E7E00BC7457 /* PerformanceOptimization_10 */,
				934E6887235D3E7E00BC7457 /* Products */,
			);
			sourceTree = "<group>";
		};
		934E6887235D3E7E00BC7457 /* Products */ = {
			isa = PBXGroup;
			children = (
				934E6886235D3E7E00BC7457 /* PerformanceOptimization_10.app */,
			);
			name = Products;
			sourceTree = "<group>";
		};
		934E6888235D3E7E00BC7457 /* PerformanceOptimization_10 */ = {
			isa = PBXGroup;
			children = (
				934E6889235D3E7E00BC7457 /* AppDelegate.h */,
				934E688A235D3E7E00BC7457 /* AppDelegate.m */,
				934E688C235D3E7E00BC7457 /* SceneDelegate.h */,
				934E688D235D3E7E00BC7457 /* SceneDelegate.m */,
				934E688F235D3E7E00BC7457 /* ViewController.h */,
				934E6890235D3E7E00BC7457 /* ViewController.m */,
				934E6892235D3E7E00BC7457 /* Main.storyboard */,
				934E6895235D3E8200BC7457 /* Assets.xcassets */,
				934E6897235D3E8200BC7457 /* LaunchScreen.storyboard */,
				934E689A235D3E8200BC7457 /* Info.plist */,
				934E689B235D3E8200BC7457 /* main.m */,
				93448371235FDAA30011D3CD /* 1.png */,
				93448370235FDAA30011D3CD /* 2.jpg */,
				9344836F235FDAA20011D3CD /* 3.jpg */,
				9344836D235FDAA10011D3CD /* 4.jpeg */,
				9344836C235FDAA10011D3CD /* 5.png */,
				93448378235FDACA0011D3CD /* 0.jpg */,
				9344836E235FDAA20011D3CD /* 6.jpeg */,
			);
			path = PerformanceOptimization_10;
			sourceTree = "<group>";
		};
/* End PBXGroup section */

/* Begin PBXNativeTarget section */
		934E6885235D3E7E00BC7457 /* PerformanceOptimization_10 */ = {
			isa = PBXNativeTarget;
			buildConfigurationList = 934E689F235D3E8200BC7457 /* Build configuration list for PBXNativeTarget "PerformanceOptimization_10" */;
			buildPhases = (
				934E6882235D3E7E00BC7457 /* Sources */,
				934E6883235D3E7E00BC7457 /* Frameworks */,
				934E6884235D3E7E00BC7457 /* Resources */,
			);
			buildRules = (
			);
			dependencies = (
			);
			name = PerformanceOptimization_10;
			productName = PerformanceOptimization_10;
			productReference = 934E6886235D3E7E00BC7457 /* PerformanceOptimization_10.app */;
			productType = "com.apple.product-type.application";
		};
/* End PBXNativeTarget section */

/* Begin PBXProject section */
		934E687E235D3E7E00BC7457 /* Project object */ = {
			isa = PBXProject;
			attributes = {
				LastUpgradeCheck = 1110;
				ORGANIZATIONNAME = chenshuang;
				TargetAttributes = {
					934E6885235D3E7E00BC7457 = {
						CreatedOnToolsVersion = 11.1;
					};
				};
			};
			buildConfigurationList = 934E6881235D3E7E00BC7457 /* Build configuration list for PBXProject "PerformanceOptimization_10" */;
			compatibilityVersion = "Xcode 9.3";
			developmentRegion = en;
			hasScannedForEncodings = 0;
			knownRegions = (
				en,
				Base,
			);
			mainGroup = 934E687D235D3E7E00BC7457;
			productRefGroup = 934E6887235D3E7E00BC7457 /* Products */;
			projectDirPath = "";
			projectRoot = "";
			targets = (
				934E6885235D3E7E00BC7457 /* PerformanceOptimization_10 */,
			);
		};
/* End PBXProject section */

/* Begin PBXResourcesBuildPhase section */
		934E6884235D3E7E00BC7457 /* Resources */ = {
			isa = PBXResourcesBuildPhase;
			buildActionMask = 2147483647;
			files = (
				93448377235FDAA30011D3CD /* 1.png in Resources */,
				93448374235FDAA30011D3CD /* 6.jpeg in Resources */,
				93448373235FDAA30011D3CD /* 4.jpeg in Resources */,
				934E6899235D3E8200BC7457 /* LaunchScreen.storyboard in Resources */,
				93448372235FDAA30011D3CD /* 5.png in Resources */,
				934E6896235D3E8200BC7457 /* Assets.xcassets in Resources */,
				93448379235FDACA0011D3CD /* 0.jpg in Resources */,
				93448375235FDAA30011D3CD /* 3.jpg in Resources */,
				93448376235FDAA30011D3CD /* 2.jpg in Resources */,
				934E6894235D3E7E00BC7457 /* Main.storyboard in Resources */,
			);
			runOnlyForDeploymentPostprocessing = 0;
		};
/* End PBXResourcesBuildPhase section */

/* Begin PBXSourcesBuildPhase section */
		934E6882235D3E7E00BC7457 /* Sources */ = {
			isa = PBXSourcesBuildPhase;
			buildActionMask = 2147483647;
			files = (
				934E6891235D3E7E00BC7457 /* ViewController.m in Sources */,
				934E688B235D3E7E00BC7457 /* AppDelegate.m in Sources */,
				934E689C235D3E8200BC7457 /* main.m in Sources */,
				934E688E235D3E7E00BC7457 /* SceneDelegate.m in Sources */,
			);
			runOnlyForDeploymentPostprocessing = 0;
		};
/* End PBXSourcesBuildPhase section */

/* Begin PBXVariantGroup section */
		934E6892235D3E7E00BC7457 /* Main.storyboard */ = {
			isa = PBXVariantGroup;
			children = (
				934E6893235D3E7E00BC7457 /* Base */,
			);
			name = Main.storyboard;
			sourceTree = "<group>";
		};
		934E6897235D3E8200BC7457 /* LaunchScreen.storyboard */ = {
			isa = PBXVariantGroup;
			children = (
				934E6898235D3E8200BC7457 /* Base */,
			);
			name = LaunchScreen.storyboard;
			sourceTree = "<group>";
		};
/* End PBXVariantGroup section */

/* Begin XCBuildConfiguration section */
		934E689D235D3E8200BC7457 /* Debug */ = {
			isa = XCBuildConfiguration;
			buildSettings = {
				ALWAYS_SEARCH_USER_PATHS = NO;
				CLANG_ANALYZER_NONNULL = YES;
				CLANG_ANALYZER_NUMBER_OBJECT_CONVERSION = YES_AGGRESSIVE;
				CLANG_CXX_LANGUAGE_STANDARD = "gnu++14";
				CLANG_CXX_LIBRARY = "libc++";
				CLANG_ENABLE_MODULES = YES;
				CLANG_ENABLE_OBJC_ARC = YES;
				CLANG_ENABLE_OBJC_WEAK = YES;
				CLANG_WARN_BLOCK_CAPTURE_AUTORELEASING = YES;
				CLANG_WARN_BOOL_CONVERSION = YES;
				CLANG_WARN_COMMA = YES;
				CLANG_WARN_CONSTANT_CONVERSION = YES;
				CLANG_WARN_DEPRECATED_OBJC_IMPLEMENTATIONS = YES;
				CLANG_WARN_DIRECT_OBJC_ISA_USAGE = YES_ERROR;
				CLANG_WARN_DOCUMENTATION_COMMENTS = YES;
				CLANG_WARN_EMPTY_BODY = YES;
				CLANG_WARN_ENUM_CONVERSION = YES;
				CLANG_WARN_INFINITE_RECURSION = YES;
				CLANG_WARN_INT_CONVERSION = YES;
				CLANG_WARN_NON_LITERAL_NULL_CONVERSION = YES;
				CLANG_WARN_OBJC_IMPLICIT_RETAIN_SELF = YES;
				CLANG_WARN_OBJC_LITERAL_CONVERSION = YES;
				CLANG_WARN_OBJC_ROOT_CLASS = YES_ERROR;
				CLANG_WARN_RANGE_LOOP_ANALYSIS = YES;
				CLANG_WARN_STRICT_PROTOTYPES = YES;
				CLANG_WARN_SUSPICIOUS_MOVE = YES;
				CLANG_WARN_UNGUARDED_AVAILABILITY = YES_AGGRESSIVE;
				CLANG_WARN_UNREACHABLE_CODE = YES;
				CLANG_WARN__DUPLICATE_METHOD_MATCH = YES;
				COPY_PHASE_STRIP = NO;
				DEBUG_INFORMATION_FORMAT = dwarf;
				ENABLE_STRICT_OBJC_MSGSEND = YES;
				ENABLE_TESTABILITY = YES;
				GCC_C_LANGUAGE_STANDARD = gnu11;
				GCC_DYNAMIC_NO_PIC = NO;
				GCC_NO_COMMON_BLOCKS = YES;
				GCC_OPTIMIZATION_LEVEL = 0;
				GCC_PREPROCESSOR_DEFINITIONS = (
					"DEBUG=1",
					"$(inherited)",
				);
				GCC_WARN_64_TO_32_BIT_CONVERSION = YES;
				GCC_WARN_ABOUT_RETURN_TYPE = YES_ERROR;
				GCC_WARN_UNDECLARED_SELECTOR = YES;
				GCC_WARN_UNINITIALIZED_AUTOS = YES_AGGRESSIVE;
				GCC_WARN_UNUSED_FUNCTION = YES;
				GCC_WARN_UNUSED_VARIABLE = YES;
				IPHONEOS_DEPLOYMENT_TARGET = 13.1;
				MTL_ENABLE_DEBUG_INFO = INCLUDE_SOURCE;
				MTL_FAST_MATH = YES;
				ONLY_ACTIVE_ARCH = YES;
				SDKROOT = iphoneos;
			};
			name = Debug;
		};
		934E689E235D3E8200BC7457 /* Release */ = {
			isa = XCBuildConfiguration;
			buildSettings = {
				ALWAYS_SEARCH_USER_PATHS = NO;
				CLANG_ANALYZER_NONNULL = YES;
				CLANG_ANALYZER_NUMBER_OBJECT_CONVERSION = YES_AGGRESSIVE;
				CLANG_CXX_LANGUAGE_STANDARD = "gnu++14";
				CLANG_CXX_LIBRARY = "libc++";
				CLANG_ENABLE_MODULES = YES;
				CLANG_ENABLE_OBJC_ARC = YES;
				CLANG_ENABLE_OBJC_WEAK = YES;
				CLANG_WARN_BLOCK_CAPTURE_AUTORELEASING = YES;
				CLANG_WARN_BOOL_CONVERSION = YES;
				CLANG_WARN_COMMA = YES;
				CLANG_WARN_CONSTANT_CONVERSION = YES;
				CLANG_WARN_DEPRECATED_OBJC_IMPLEMENTATIONS = YES;
				CLANG_WARN_DIRECT_OBJC_ISA_USAGE = YES_ERROR;
				CLANG_WARN_DOCUMENTATION_COMMENTS = YES;
				CLANG_WARN_EMPTY_BODY = YES;
				CLANG_WARN_ENUM_CONVERSION = YES;
				CLANG_WARN_INFINITE_RECURSION = YES;
				CLANG_WARN_INT_CONVERSION = YES;
				CLANG_WARN_NON_LITERAL_NULL_CONVERSION = YES;
				CLANG_WARN_OBJC_IMPLICIT_RETAIN_SELF = YES;
				CLANG_WARN_OBJC_LITERAL_CONVERSION = YES;
				CLANG_WARN_OBJC_ROOT_CLASS = YES_ERROR;
				CLANG_WARN_RANGE_LOOP_ANALYSIS = YES;
				CLANG_WARN_STRICT_PROTOTYPES = YES;
				CLANG_WARN_SUSPICIOUS_MOVE = YES;
				CLANG_WARN_UNGUARDED_AVAILABILITY = YES_AGGRESSIVE;
				CLANG_WARN_UNREACHABLE_CODE = YES;
				CLANG_WARN__DUPLICATE_METHOD_MATCH = YES;
				COPY_PHASE_STRIP = NO;
				DEBUG_INFORMATION_FORMAT = "dwarf-with-dsym";
				ENABLE_NS_ASSERTIONS = NO;
				ENABLE_STRICT_OBJC_MSGSEND = YES;
				GCC_C_LANGUAGE_STANDARD = gnu11;
				GCC_NO_COMMON_BLOCKS = YES;
				GCC_WARN_64_TO_32_BIT_CONVERSION = YES;
				GCC_WARN_ABOUT_RETURN_TYPE = YES_ERROR;
				GCC_WARN_UNDECLARED_SELECTOR = YES;
				GCC_WARN_UNINITIALIZED_AUTOS = YES_AGGRESSIVE;
				GCC_WARN_UNUSED_FUNCTION = YES;
				GCC_WARN_UNUSED_VARIABLE = YES;
				IPHONEOS_DEPLOYMENT_TARGET = 13.1;
				MTL_ENABLE_DEBUG_INFO = NO;
				MTL_FAST_MATH = YES;
				SDKROOT = iphoneos;
				VALIDATE_PRODUCT = YES;
			};
			name = Release;
		};
		934E68A0235D3E8200BC7457 /* Debug */ = {
			isa = XCBuildConfiguration;
			buildSettings = {
				ASSETCATALOG_COMPILER_APPICON_NAME = AppIcon;
				CODE_SIGN_STYLE = Automatic;
				DEVELOPMENT_TEAM = C2V259WG54;
				INFOPLIST_FILE = PerformanceOptimization_10/Info.plist;
				LD_RUNPATH_SEARCH_PATHS = (
					"$(inherited)",
					"@executable_path/Frameworks",
				);
				PRODUCT_BUNDLE_IDENTIFIER = "com.chen.PerformanceOptimization-10";
				PRODUCT_NAME = "$(TARGET_NAME)";
				TARGETED_DEVICE_FAMILY = "1,2";
			};
			name = Debug;
		};
		934E68A1235D3E8200BC7457 /* Release */ = {
			isa = XCBuildConfiguration;
			buildSettings = {
				ASSETCATALOG_COMPILER_APPICON_NAME = AppIcon;
				CODE_SIGN_STYLE = Automatic;
				DEVELOPMENT_TEAM = C2V259WG54;
				INFOPLIST_FILE = PerformanceOptimization_10/Info.plist;
				LD_RUNPATH_SEARCH_PATHS = (
					"$(inherited)",
					"@executable_path/Frameworks",
				);
				PRODUCT_BUNDLE_IDENTIFIER = "com.chen.PerformanceOptimization-10";
				PRODUCT_NAME = "$(TARGET_NAME)";
				TARGETED_DEVICE_FAMILY = "1,2";
			};
			name = Release;
		};
/* End XCBuildConfiguration section */

/* Begin XCConfigurationList section */
		934E6881235D3E7E00BC7457 /* Build configuration list for PBXProject "PerformanceOptimization_10" */ = {
			isa = XCConfigurationList;
			buildConfigurations = (
				934E689D235D3E8200BC7457 /* Debug */,
				934E689E235D3E8200BC7457 /* Release */,
			);
			defaultConfigurationIsVisible = 0;
			defaultConfigurationName = Release;
		};
		934E689F235D3E8200BC7457 /* Build configuration list for PBXNativeTarget "PerformanceOptimization_10" */ = {
			isa = XCConfigurationList;
			buildConfigurations = (
				934E68A0235D3E8200BC7457 /* Debug */,
				934E68A1235D3E8200BC7457 /* Release */,
			);
			defaultConfigurationIsVisible = 0;
			defaultConfigurationName = Release;
		};
/* End XCConfigurationList section */
	};
	rootObject = 934E687E235D3E7E00BC7457 /* Project object */;
}
