// !$*UTF8*$!
{
	archiveVersion = 1;
	classes = {
	};
	objectVersion = 50;
	objects = {

/* Begin PBXBuildFile section */
		937437C322F6BA6A00B90BFC /* AppDelegate.m in Sources */ = {isa = PBXBuildFile; fileRef = 937437C222F6BA6A00B90BFC /* AppDelegate.m */; };
		937437C622F6BA6A00B90BFC /* ViewController.m in Sources */ = {isa = PBXBuildFile; fileRef = 937437C522F6BA6A00B90BFC /* ViewController.m */; };
		937437C922F6BA6A00B90BFC /* Main.storyboard in Resources */ = {isa = PBXBuildFile; fileRef = 937437C722F6BA6A00B90BFC /* Main.storyboard */; };
		937437CB22F6BA6B00B90BFC /* Assets.xcassets in Resources */ = {isa = PBXBuildFile; fileRef = 937437CA22F6BA6B00B90BFC /* Assets.xcassets */; };
		937437CE22F6BA6B00B90BFC /* LaunchScreen.storyboard in Resources */ = {isa = PBXBuildFile; fileRef = 937437CC22F6BA6B00B90BFC /* LaunchScreen.storyboard */; };
		937437D122F6BA6B00B90BFC /* main.m in Sources */ = {isa = PBXBuildFile; fileRef = 937437D022F6BA6B00B90BFC /* main.m */; };
		937437DB22F72C8A00B90BFC /* TestAnimationView.m in Sources */ = {isa = PBXBuildFile; fileRef = 937437D822F72C8A00B90BFC /* TestAnimationView.m */; };
		937437DC22F72C8A00B90BFC /* TestAnimationLayer.m in Sources */ = {isa = PBXBuildFile; fileRef = 937437DA22F72C8A00B90BFC /* TestAnimationLayer.m */; };
/* End PBXBuildFile section */

/* Begin PBXFileReference section */
		937437BE22F6BA6A00B90BFC /* UIViewBlockAnimation.app */ = {isa = PBXFileReference; explicitFileType = wrapper.application; includeInIndex = 0; path = UIViewBlockAnimation.app; sourceTree = BUILT_PRODUCTS_DIR; };
		937437C122F6BA6A00B90BFC /* AppDelegate.h */ = {isa = PBXFileReference; lastKnownFileType = sourcecode.c.h; path = AppDelegate.h; sourceTree = "<group>"; };
		937437C222F6BA6A00B90BFC /* AppDelegate.m */ = {isa = PBXFileReference; lastKnownFileType = sourcecode.c.objc; path = AppDelegate.m; sourceTree = "<group>"; };
		937437C422F6BA6A00B90BFC /* ViewController.h */ = {isa = PBXFileReference; lastKnownFileType = sourcecode.c.h; path = ViewController.h; sourceTree = "<group>"; };
		937437C522F6BA6A00B90BFC /* ViewController.m */ = {isa = PBXFileReference; lastKnownFileType = sourcecode.c.objc; path = ViewController.m; sourceTree = "<group>"; };
		937437C822F6BA6A00B90BFC /* Base */ = {isa = PBXFileReference; lastKnownFileType = file.storyboard; name = Base; path = Base.lproj/Main.storyboard; sourceTree = "<group>"; };
		937437CA22F6BA6B00B90BFC /* Assets.xcassets */ = {isa = PBXFileReference; lastKnownFileType = folder.assetcatalog; path = Assets.xcassets; sourceTree = "<group>"; };
		937437CD22F6BA6B00B90BFC /* Base */ = {isa = PBXFileReference; lastKnownFileType = file.storyboard; name = Base; path = Base.lproj/LaunchScreen.storyboard; sourceTree = "<group>"; };
		937437CF22F6BA6B00B90BFC /* Info.plist */ = {isa = PBXFileReference; lastKnownFileType = text.plist.xml; path = Info.plist; sourceTree = "<group>"; };
		937437D022F6BA6B00B90BFC /* main.m */ = {isa = PBXFileReference; lastKnownFileType = sourcecode.c.objc; path = main.m; sourceTree = "<group>"; };
		937437D722F72C8900B90BFC /* TestAnimationView.h */ = {isa = PBXFileReference; fileEncoding = 4; lastKnownFileType = sourcecode.c.h; path = TestAnimationView.h; sourceTree = "<group>"; };
		937437D822F72C8A00B90BFC /* TestAnimationView.m */ = {isa = PBXFileReference; fileEncoding = 4; lastKnownFileType = sourcecode.c.objc; path = TestAnimationView.m; sourceTree = "<group>"; };
		937437D922F72C8A00B90BFC /* TestAnimationLayer.h */ = {isa = PBXFileReference; fileEncoding = 4; lastKnownFileType = sourcecode.c.h; path = TestAnimationLayer.h; sourceTree = "<group>"; };
		937437DA22F72C8A00B90BFC /* TestAnimationLayer.m */ = {isa = PBXFileReference; fileEncoding = 4; lastKnownFileType = sourcecode.c.objc; path = TestAnimationLayer.m; sourceTree = "<group>"; };
/* End PBXFileReference section */

/* Begin PBXFrameworksBuildPhase section */
		937437BB22F6BA6A00B90BFC /* Frameworks */ = {
			isa = PBXFrameworksBuildPhase;
			buildActionMask = 2147483647;
			files = (
			);
			runOnlyForDeploymentPostprocessing = 0;
		};
/* End PBXFrameworksBuildPhase section */

/* Begin PBXGroup section */
		937437B522F6BA6A00B90BFC = {
			isa = PBXGroup;
			children = (
				937437C022F6BA6A00B90BFC /* UIViewBlockAnimation */,
				937437BF22F6BA6A00B90BFC /* Products */,
			);
			sourceTree = "<group>";
		};
		937437BF22F6BA6A00B90BFC /* Products */ = {
			isa = PBXGroup;
			children = (
				937437BE22F6BA6A00B90BFC /* UIViewBlockAnimation.app */,
			);
			name = Products;
			sourceTree = "<group>";
		};
		937437C022F6BA6A00B90BFC /* UIViewBlockAnimation */ = {
			isa = PBXGroup;
			children = (
				937437C122F6BA6A00B90BFC /* AppDelegate.h */,
				937437C222F6BA6A00B90BFC /* AppDelegate.m */,
				937437C422F6BA6A00B90BFC /* ViewController.h */,
				937437C522F6BA6A00B90BFC /* ViewController.m */,
				937437D922F72C8A00B90BFC /* TestAnimationLayer.h */,
				937437DA22F72C8A00B90BFC /* TestAnimationLayer.m */,
				937437D722F72C8900B90BFC /* TestAnimationView.h */,
				937437D822F72C8A00B90BFC /* TestAnimationView.m */,
				937437C722F6BA6A00B90BFC /* Main.storyboard */,
				937437CA22F6BA6B00B90BFC /* Assets.xcassets */,
				937437CC22F6BA6B00B90BFC /* LaunchScreen.storyboard */,
				937437CF22F6BA6B00B90BFC /* Info.plist */,
				937437D022F6BA6B00B90BFC /* main.m */,
			);
			path = UIViewBlockAnimation;
			sourceTree = "<group>";
		};
/* End PBXGroup section */

/* Begin PBXNativeTarget section */
		937437BD22F6BA6A00B90BFC /* UIViewBlockAnimation */ = {
			isa = PBXNativeTarget;
			buildConfigurationList = 937437D422F6BA6B00B90BFC /* Build configuration list for PBXNativeTarget "UIViewBlockAnimation" */;
			buildPhases = (
				937437BA22F6BA6A00B90BFC /* Sources */,
				937437BB22F6BA6A00B90BFC /* Frameworks */,
				937437BC22F6BA6A00B90BFC /* Resources */,
			);
			buildRules = (
			);
			dependencies = (
			);
			name = UIViewBlockAnimation;
			productName = UIViewBlockAnimation;
			productReference = 937437BE22F6BA6A00B90BFC /* UIViewBlockAnimation.app */;
			productType = "com.apple.product-type.application";
		};
/* End PBXNativeTarget section */

/* Begin PBXProject section */
		937437B622F6BA6A00B90BFC /* Project object */ = {
			isa = PBXProject;
			attributes = {
				LastUpgradeCheck = 1010;
				ORGANIZATIONNAME = wenwen;
				TargetAttributes = {
					937437BD22F6BA6A00B90BFC = {
						CreatedOnToolsVersion = 10.1;
					};
				};
			};
			buildConfigurationList = 937437B922F6BA6A00B90BFC /* Build configuration list for PBXProject "UIViewBlockAnimation" */;
			compatibilityVersion = "Xcode 9.3";
			developmentRegion = en;
			hasScannedForEncodings = 0;
			knownRegions = (
				en,
				Base,
			);
			mainGroup = 937437B522F6BA6A00B90BFC;
			productRefGroup = 937437BF22F6BA6A00B90BFC /* Products */;
			projectDirPath = "";
			projectRoot = "";
			targets = (
				937437BD22F6BA6A00B90BFC /* UIViewBlockAnimation */,
			);
		};
/* End PBXProject section */

/* Begin PBXResourcesBuildPhase section */
		937437BC22F6BA6A00B90BFC /* Resources */ = {
			isa = PBXResourcesBuildPhase;
			buildActionMask = 2147483647;
			files = (
				937437CE22F6BA6B00B90BFC /* LaunchScreen.storyboard in Resources */,
				937437CB22F6BA6B00B90BFC /* Assets.xcassets in Resources */,
				937437C922F6BA6A00B90BFC /* Main.storyboard in Resources */,
			);
			runOnlyForDeploymentPostprocessing = 0;
		};
/* End PBXResourcesBuildPhase section */

/* Begin PBXSourcesBuildPhase section */
		937437BA22F6BA6A00B90BFC /* Sources */ = {
			isa = PBXSourcesBuildPhase;
			buildActionMask = 2147483647;
			files = (
				937437DC22F72C8A00B90BFC /* TestAnimationLayer.m in Sources */,
				937437C622F6BA6A00B90BFC /* ViewController.m in Sources */,
				937437DB22F72C8A00B90BFC /* TestAnimationView.m in Sources */,
				937437D122F6BA6B00B90BFC /* main.m in Sources */,
				937437C322F6BA6A00B90BFC /* AppDelegate.m in Sources */,
			);
			runOnlyForDeploymentPostprocessing = 0;
		};
/* End PBXSourcesBuildPhase section */

/* Begin PBXVariantGroup section */
		937437C722F6BA6A00B90BFC /* Main.storyboard */ = {
			isa = PBXVariantGroup;
			children = (
				937437C822F6BA6A00B90BFC /* Base */,
			);
			name = Main.storyboard;
			sourceTree = "<group>";
		};
		937437CC22F6BA6B00B90BFC /* LaunchScreen.storyboard */ = {
			isa = PBXVariantGroup;
			children = (
				937437CD22F6BA6B00B90BFC /* Base */,
			);
			name = LaunchScreen.storyboard;
			sourceTree = "<group>";
		};
/* End PBXVariantGroup section */

/* Begin XCBuildConfiguration section */
		937437D222F6BA6B00B90BFC /* Debug */ = {
			isa = XCBuildConfiguration;
			buildSettings = {
				ALWAYS_SEARCH_USER_PATHS = NO;
				CLANG_ANALYZER_NONNULL = YES;
				CLANG_ANALYZER_NUMBER_OBJECT_CONVERSION = YES_AGGRESSIVE;
				CLANG_CXX_LANGUAGE_STANDARD = "gnu++14";
				CLANG_CXX_LIBRARY = "libc++";
				CLANG_ENABLE_MODULES = YES;
				CLANG_ENABLE_OBJC_ARC = YES;
				CLANG_ENABLE_OBJC_WEAK = YES;
				CLANG_WARN_BLOCK_CAPTURE_AUTORELEASING = YES;
				CLANG_WARN_BOOL_CONVERSION = YES;
				CLANG_WARN_COMMA = YES;
				CLANG_WARN_CONSTANT_CONVERSION = YES;
				CLANG_WARN_DEPRECATED_OBJC_IMPLEMENTATIONS = YES;
				CLANG_WARN_DIRECT_OBJC_ISA_USAGE = YES_ERROR;
				CLANG_WARN_DOCUMENTATION_COMMENTS = YES;
				CLANG_WARN_EMPTY_BODY = YES;
				CLANG_WARN_ENUM_CONVERSION = YES;
				CLANG_WARN_INFINITE_RECURSION = YES;
				CLANG_WARN_INT_CONVERSION = YES;
				CLANG_WARN_NON_LITERAL_NULL_CONVERSION = YES;
				CLANG_WARN_OBJC_IMPLICIT_RETAIN_SELF = YES;
				CLANG_WARN_OBJC_LITERAL_CONVERSION = YES;
				CLANG_WARN_OBJC_ROOT_CLASS = YES_ERROR;
				CLANG_WARN_RANGE_LOOP_ANALYSIS = YES;
				CLANG_WARN_STRICT_PROTOTYPES = YES;
				CLANG_WARN_SUSPICIOUS_MOVE = YES;
				CLANG_WARN_UNGUARDED_AVAILABILITY = YES_AGGRESSIVE;
				CLANG_WARN_UNREACHABLE_CODE = YES;
				CLANG_WARN__DUPLICATE_METHOD_MATCH = YES;
				CODE_SIGN_IDENTITY = "iPhone Developer";
				COPY_PHASE_STRIP = NO;
				DEBUG_INFORMATION_FORMAT = dwarf;
				ENABLE_STRICT_OBJC_MSGSEND = YES;
				ENABLE_TESTABILITY = YES;
				GCC_C_LANGUAGE_STANDARD = gnu11;
				GCC_DYNAMIC_NO_PIC = NO;
				GCC_NO_COMMON_BLOCKS = YES;
				GCC_OPTIMIZATION_LEVEL = 0;
				GCC_PREPROCESSOR_DEFINITIONS = (
					"DEBUG=1",
					"$(inherited)",
				);
				GCC_WARN_64_TO_32_BIT_CONVERSION = YES;
				GCC_WARN_ABOUT_RETURN_TYPE = YES_ERROR;
				GCC_WARN_UNDECLARED_SELECTOR = YES;
				GCC_WARN_UNINITIALIZED_AUTOS = YES_AGGRESSIVE;
				GCC_WARN_UNUSED_FUNCTION = YES;
				GCC_WARN_UNUSED_VARIABLE = YES;
				IPHONEOS_DEPLOYMENT_TARGET = 12.1;
				MTL_ENABLE_DEBUG_INFO = INCLUDE_SOURCE;
				MTL_FAST_MATH = YES;
				ONLY_ACTIVE_ARCH = YES;
				SDKROOT = iphoneos;
			};
			name = Debug;
		};
		937437D322F6BA6B00B90BFC /* Release */ = {
			isa = XCBuildConfiguration;
			buildSettings = {
				ALWAYS_SEARCH_USER_PATHS = NO;
				CLANG_ANALYZER_NONNULL = YES;
				CLANG_ANALYZER_NUMBER_OBJECT_CONVERSION = YES_AGGRESSIVE;
				CLANG_CXX_LANGUAGE_STANDARD = "gnu++14";
				CLANG_CXX_LIBRARY = "libc++";
				CLANG_ENABLE_MODULES = YES;
				CLANG_ENABLE_OBJC_ARC = YES;
				CLANG_ENABLE_OBJC_WEAK = YES;
				CLANG_WARN_BLOCK_CAPTURE_AUTORELEASING = YES;
				CLANG_WARN_BOOL_CONVERSION = YES;
				CLANG_WARN_COMMA = YES;
				CLANG_WARN_CONSTANT_CONVERSION = YES;
				CLANG_WARN_DEPRECATED_OBJC_IMPLEMENTATIONS = YES;
				CLANG_WARN_DIRECT_OBJC_ISA_USAGE = YES_ERROR;
				CLANG_WARN_DOCUMENTATION_COMMENTS = YES;
				CLANG_WARN_EMPTY_BODY = YES;
				CLANG_WARN_ENUM_CONVERSION = YES;
				CLANG_WARN_INFINITE_RECURSION = YES;
				CLANG_WARN_INT_CONVERSION = YES;
				CLANG_WARN_NON_LITERAL_NULL_CONVERSION = YES;
				CLANG_WARN_OBJC_IMPLICIT_RETAIN_SELF = YES;
				CLANG_WARN_OBJC_LITERAL_CONVERSION = YES;
				CLANG_WARN_OBJC_ROOT_CLASS = YES_ERROR;
				CLANG_WARN_RANGE_LOOP_ANALYSIS = YES;
				CLANG_WARN_STRICT_PROTOTYPES = YES;
				CLANG_WARN_SUSPICIOUS_MOVE = YES;
				CLANG_WARN_UNGUARDED_AVAILABILITY = YES_AGGRESSIVE;
				CLANG_WARN_UNREACHABLE_CODE = YES;
				CLANG_WARN__DUPLICATE_METHOD_MATCH = YES;
				CODE_SIGN_IDENTITY = "iPhone Developer";
				COPY_PHASE_STRIP = NO;
				DEBUG_INFORMATION_FORMAT = "dwarf-with-dsym";
				ENABLE_NS_ASSERTIONS = NO;
				ENABLE_STRICT_OBJC_MSGSEND = YES;
				GCC_C_LANGUAGE_STANDARD = gnu11;
				GCC_NO_COMMON_BLOCKS = YES;
				GCC_WARN_64_TO_32_BIT_CONVERSION = YES;
				GCC_WARN_ABOUT_RETURN_TYPE = YES_ERROR;
				GCC_WARN_UNDECLARED_SELECTOR = YES;
				GCC_WARN_UNINITIALIZED_AUTOS = YES_AGGRESSIVE;
				GCC_WARN_UNUSED_FUNCTION = YES;
				GCC_WARN_UNUSED_VARIABLE = YES;
				IPHONEOS_DEPLOYMENT_TARGET = 12.1;
				MTL_ENABLE_DEBUG_INFO = NO;
				MTL_FAST_MATH = YES;
				SDKROOT = iphoneos;
				VALIDATE_PRODUCT = YES;
			};
			name = Release;
		};
		937437D522F6BA6B00B90BFC /* Debug */ = {
			isa = XCBuildConfiguration;
			buildSettings = {
				ASSETCATALOG_COMPILER_APPICON_NAME = AppIcon;
				CODE_SIGN_STYLE = Automatic;
				INFOPLIST_FILE = UIViewBlockAnimation/Info.plist;
				LD_RUNPATH_SEARCH_PATHS = (
					"$(inherited)",
					"@executable_path/Frameworks",
				);
				PRODUCT_BUNDLE_IDENTIFIER = wenwen.UIViewBlockAnimation;
				PRODUCT_NAME = "$(TARGET_NAME)";
				TARGETED_DEVICE_FAMILY = "1,2";
			};
			name = Debug;
		};
		937437D622F6BA6B00B90BFC /* Release */ = {
			isa = XCBuildConfiguration;
			buildSettings = {
				ASSETCATALOG_COMPILER_APPICON_NAME = AppIcon;
				CODE_SIGN_STYLE = Automatic;
				INFOPLIST_FILE = UIViewBlockAnimation/Info.plist;
				LD_RUNPATH_SEARCH_PATHS = (
					"$(inherited)",
					"@executable_path/Frameworks",
				);
				PRODUCT_BUNDLE_IDENTIFIER = wenwen.UIViewBlockAnimation;
				PRODUCT_NAME = "$(TARGET_NAME)";
				TARGETED_DEVICE_FAMILY = "1,2";
			};
			name = Release;
		};
/* End XCBuildConfiguration section */

/* Begin XCConfigurationList section */
		937437B922F6BA6A00B90BFC /* Build configuration list for PBXProject "UIViewBlockAnimation" */ = {
			isa = XCConfigurationList;
			buildConfigurations = (
				937437D222F6BA6B00B90BFC /* Debug */,
				937437D322F6BA6B00B90BFC /* Release */,
			);
			defaultConfigurationIsVisible = 0;
			defaultConfigurationName = Release;
		};
		937437D422F6BA6B00B90BFC /* Build configuration list for PBXNativeTarget "UIViewBlockAnimation" */ = {
			isa = XCConfigurationList;
			buildConfigurations = (
				937437D522F6BA6B00B90BFC /* Debug */,
				937437D622F6BA6B00B90BFC /* Release */,
			);
			defaultConfigurationIsVisible = 0;
			defaultConfigurationName = Release;
		};
/* End XCConfigurationList section */
	};
	rootObject = 937437B622F6BA6A00B90BFC /* Project object */;
}
