// !$*UTF8*$!
{
	archiveVersion = 1;
	classes = {
	};
	objectVersion = 50;
	objects = {

/* Begin PBXBuildFile section */
		93573AAF230F6E400014F11D /* AppDelegate.m in Sources */ = {isa = PBXBuildFile; fileRef = 93573AAE230F6E400014F11D /* AppDelegate.m */; };
		93573AB2230F6E400014F11D /* ViewController.m in Sources */ = {isa = PBXBuildFile; fileRef = 93573AB1230F6E400014F11D /* ViewController.m */; };
		93573AB5230F6E400014F11D /* Main.storyboard in Resources */ = {isa = PBXBuildFile; fileRef = 93573AB3230F6E400014F11D /* Main.storyboard */; };
		93573AB7230F6E420014F11D /* Assets.xcassets in Resources */ = {isa = PBXBuildFile; fileRef = 93573AB6230F6E420014F11D /* Assets.xcassets */; };
		93573ABA230F6E420014F11D /* LaunchScreen.storyboard in Resources */ = {isa = PBXBuildFile; fileRef = 93573AB8230F6E420014F11D /* LaunchScreen.storyboard */; };
		93573ABD230F6E420014F11D /* main.m in Sources */ = {isa = PBXBuildFile; fileRef = 93573ABC230F6E420014F11D /* main.m */; };
/* End PBXBuildFile section */

/* Begin PBXFileReference section */
		93573AAA230F6E400014F11D /* AnimationHighSkill_2.app */ = {isa = PBXFileReference; explicitFileType = wrapper.application; includeInIndex = 0; path = AnimationHighSkill_2.app; sourceTree = BUILT_PRODUCTS_DIR; };
		93573AAD230F6E400014F11D /* AppDelegate.h */ = {isa = PBXFileReference; lastKnownFileType = sourcecode.c.h; path = AppDelegate.h; sourceTree = "<group>"; };
		93573AAE230F6E400014F11D /* AppDelegate.m */ = {isa = PBXFileReference; lastKnownFileType = sourcecode.c.objc; path = AppDelegate.m; sourceTree = "<group>"; };
		93573AB0230F6E400014F11D /* ViewController.h */ = {isa = PBXFileReference; lastKnownFileType = sourcecode.c.h; path = ViewController.h; sourceTree = "<group>"; };
		93573AB1230F6E400014F11D /* ViewController.m */ = {isa = PBXFileReference; lastKnownFileType = sourcecode.c.objc; path = ViewController.m; sourceTree = "<group>"; };
		93573AB4230F6E400014F11D /* Base */ = {isa = PBXFileReference; lastKnownFileType = file.storyboard; name = Base; path = Base.lproj/Main.storyboard; sourceTree = "<group>"; };
		93573AB6230F6E420014F11D /* Assets.xcassets */ = {isa = PBXFileReference; lastKnownFileType = folder.assetcatalog; path = Assets.xcassets; sourceTree = "<group>"; };
		93573AB9230F6E420014F11D /* Base */ = {isa = PBXFileReference; lastKnownFileType = file.storyboard; name = Base; path = Base.lproj/LaunchScreen.storyboard; sourceTree = "<group>"; };
		93573ABB230F6E420014F11D /* Info.plist */ = {isa = PBXFileReference; lastKnownFileType = text.plist.xml; path = Info.plist; sourceTree = "<group>"; };
		93573ABC230F6E420014F11D /* main.m */ = {isa = PBXFileReference; lastKnownFileType = sourcecode.c.objc; path = main.m; sourceTree = "<group>"; };
/* End PBXFileReference section */

/* Begin PBXFrameworksBuildPhase section */
		93573AA7230F6E400014F11D /* Frameworks */ = {
			isa = PBXFrameworksBuildPhase;
			buildActionMask = 2147483647;
			files = (
			);
			runOnlyForDeploymentPostprocessing = 0;
		};
/* End PBXFrameworksBuildPhase section */

/* Begin PBXGroup section */
		93573AA1230F6E400014F11D = {
			isa = PBXGroup;
			children = (
				93573AAC230F6E400014F11D /* AnimationHighSkill_2 */,
				93573AAB230F6E400014F11D /* Products */,
			);
			sourceTree = "<group>";
		};
		93573AAB230F6E400014F11D /* Products */ = {
			isa = PBXGroup;
			children = (
				93573AAA230F6E400014F11D /* AnimationHighSkill_2.app */,
			);
			name = Products;
			sourceTree = "<group>";
		};
		93573AAC230F6E400014F11D /* AnimationHighSkill_2 */ = {
			isa = PBXGroup;
			children = (
				93573AAD230F6E400014F11D /* AppDelegate.h */,
				93573AAE230F6E400014F11D /* AppDelegate.m */,
				93573AB0230F6E400014F11D /* ViewController.h */,
				93573AB1230F6E400014F11D /* ViewController.m */,
				93573AB3230F6E400014F11D /* Main.storyboard */,
				93573AB6230F6E420014F11D /* Assets.xcassets */,
				93573AB8230F6E420014F11D /* LaunchScreen.storyboard */,
				93573ABB230F6E420014F11D /* Info.plist */,
				93573ABC230F6E420014F11D /* main.m */,
			);
			path = AnimationHighSkill_2;
			sourceTree = "<group>";
		};
/* End PBXGroup section */

/* Begin PBXNativeTarget section */
		93573AA9230F6E400014F11D /* AnimationHighSkill_2 */ = {
			isa = PBXNativeTarget;
			buildConfigurationList = 93573AC0230F6E420014F11D /* Build configuration list for PBXNativeTarget "AnimationHighSkill_2" */;
			buildPhases = (
				93573AA6230F6E400014F11D /* Sources */,
				93573AA7230F6E400014F11D /* Frameworks */,
				93573AA8230F6E400014F11D /* Resources */,
			);
			buildRules = (
			);
			dependencies = (
			);
			name = AnimationHighSkill_2;
			productName = AnimationHighSkill_2;
			productReference = 93573AAA230F6E400014F11D /* AnimationHighSkill_2.app */;
			productType = "com.apple.product-type.application";
		};
/* End PBXNativeTarget section */

/* Begin PBXProject section */
		93573AA2230F6E400014F11D /* Project object */ = {
			isa = PBXProject;
			attributes = {
				LastUpgradeCheck = 1020;
				ORGANIZATIONNAME = chenshuang;
				TargetAttributes = {
					93573AA9230F6E400014F11D = {
						CreatedOnToolsVersion = 10.2.1;
					};
				};
			};
			buildConfigurationList = 93573AA5230F6E400014F11D /* Build configuration list for PBXProject "AnimationHighSkill_2" */;
			compatibilityVersion = "Xcode 9.3";
			developmentRegion = en;
			hasScannedForEncodings = 0;
			knownRegions = (
				en,
				Base,
			);
			mainGroup = 93573AA1230F6E400014F11D;
			productRefGroup = 93573AAB230F6E400014F11D /* Products */;
			projectDirPath = "";
			projectRoot = "";
			targets = (
				93573AA9230F6E400014F11D /* AnimationHighSkill_2 */,
			);
		};
/* End PBXProject section */

/* Begin PBXResourcesBuildPhase section */
		93573AA8230F6E400014F11D /* Resources */ = {
			isa = PBXResourcesBuildPhase;
			buildActionMask = 2147483647;
			files = (
				93573ABA230F6E420014F11D /* LaunchScreen.storyboard in Resources */,
				93573AB7230F6E420014F11D /* Assets.xcassets in Resources */,
				93573AB5230F6E400014F11D /* Main.storyboard in Resources */,
			);
			runOnlyForDeploymentPostprocessing = 0;
		};
/* End PBXResourcesBuildPhase section */

/* Begin PBXSourcesBuildPhase section */
		93573AA6230F6E400014F11D /* Sources */ = {
			isa = PBXSourcesBuildPhase;
			buildActionMask = 2147483647;
			files = (
				93573AB2230F6E400014F11D /* ViewController.m in Sources */,
				93573ABD230F6E420014F11D /* main.m in Sources */,
				93573AAF230F6E400014F11D /* AppDelegate.m in Sources */,
			);
			runOnlyForDeploymentPostprocessing = 0;
		};
/* End PBXSourcesBuildPhase section */

/* Begin PBXVariantGroup section */
		93573AB3230F6E400014F11D /* Main.storyboard */ = {
			isa = PBXVariantGroup;
			children = (
				93573AB4230F6E400014F11D /* Base */,
			);
			name = Main.storyboard;
			sourceTree = "<group>";
		};
		93573AB8230F6E420014F11D /* LaunchScreen.storyboard */ = {
			isa = PBXVariantGroup;
			children = (
				93573AB9230F6E420014F11D /* Base */,
			);
			name = LaunchScreen.storyboard;
			sourceTree = "<group>";
		};
/* End PBXVariantGroup section */

/* Begin XCBuildConfiguration section */
		93573ABE230F6E420014F11D /* Debug */ = {
			isa = XCBuildConfiguration;
			buildSettings = {
				ALWAYS_SEARCH_USER_PATHS = NO;
				CLANG_ANALYZER_NONNULL = YES;
				CLANG_ANALYZER_NUMBER_OBJECT_CONVERSION = YES_AGGRESSIVE;
				CLANG_CXX_LANGUAGE_STANDARD = "gnu++14";
				CLANG_CXX_LIBRARY = "libc++";
				CLANG_ENABLE_MODULES = YES;
				CLANG_ENABLE_OBJC_ARC = YES;
				CLANG_ENABLE_OBJC_WEAK = YES;
				CLANG_WARN_BLOCK_CAPTURE_AUTORELEASING = YES;
				CLANG_WARN_BOOL_CONVERSION = YES;
				CLANG_WARN_COMMA = YES;
				CLANG_WARN_CONSTANT_CONVERSION = YES;
				CLANG_WARN_DEPRECATED_OBJC_IMPLEMENTATIONS = YES;
				CLANG_WARN_DIRECT_OBJC_ISA_USAGE = YES_ERROR;
				CLANG_WARN_DOCUMENTATION_COMMENTS = YES;
				CLANG_WARN_EMPTY_BODY = YES;
				CLANG_WARN_ENUM_CONVERSION = YES;
				CLANG_WARN_INFINITE_RECURSION = YES;
				CLANG_WARN_INT_CONVERSION = YES;
				CLANG_WARN_NON_LITERAL_NULL_CONVERSION = YES;
				CLANG_WARN_OBJC_IMPLICIT_RETAIN_SELF = YES;
				CLANG_WARN_OBJC_LITERAL_CONVERSION = YES;
				CLANG_WARN_OBJC_ROOT_CLASS = YES_ERROR;
				CLANG_WARN_RANGE_LOOP_ANALYSIS = YES;
				CLANG_WARN_STRICT_PROTOTYPES = YES;
				CLANG_WARN_SUSPICIOUS_MOVE = YES;
				CLANG_WARN_UNGUARDED_AVAILABILITY = YES_AGGRESSIVE;
				CLANG_WARN_UNREACHABLE_CODE = YES;
				CLANG_WARN__DUPLICATE_METHOD_MATCH = YES;
				CODE_SIGN_IDENTITY = "iPhone Developer";
				COPY_PHASE_STRIP = NO;
				DEBUG_INFORMATION_FORMAT = dwarf;
				ENABLE_STRICT_OBJC_MSGSEND = YES;
				ENABLE_TESTABILITY = YES;
				GCC_C_LANGUAGE_STANDARD = gnu11;
				GCC_DYNAMIC_NO_PIC = NO;
				GCC_NO_COMMON_BLOCKS = YES;
				GCC_OPTIMIZATION_LEVEL = 0;
				GCC_PREPROCESSOR_DEFINITIONS = (
					"DEBUG=1",
					"$(inherited)",
				);
				GCC_WARN_64_TO_32_BIT_CONVERSION = YES;
				GCC_WARN_ABOUT_RETURN_TYPE = YES_ERROR;
				GCC_WARN_UNDECLARED_SELECTOR = YES;
				GCC_WARN_UNINITIALIZED_AUTOS = YES_AGGRESSIVE;
				GCC_WARN_UNUSED_FUNCTION = YES;
				GCC_WARN_UNUSED_VARIABLE = YES;
				IPHONEOS_DEPLOYMENT_TARGET = 12.2;
				MTL_ENABLE_DEBUG_INFO = INCLUDE_SOURCE;
				MTL_FAST_MATH = YES;
				ONLY_ACTIVE_ARCH = YES;
				SDKROOT = iphoneos;
			};
			name = Debug;
		};
		93573ABF230F6E420014F11D /* Release */ = {
			isa = XCBuildConfiguration;
			buildSettings = {
				ALWAYS_SEARCH_USER_PATHS = NO;
				CLANG_ANALYZER_NONNULL = YES;
				CLANG_ANALYZER_NUMBER_OBJECT_CONVERSION = YES_AGGRESSIVE;
				CLANG_CXX_LANGUAGE_STANDARD = "gnu++14";
				CLANG_CXX_LIBRARY = "libc++";
				CLANG_ENABLE_MODULES = YES;
				CLANG_ENABLE_OBJC_ARC = YES;
				CLANG_ENABLE_OBJC_WEAK = YES;
				CLANG_WARN_BLOCK_CAPTURE_AUTORELEASING = YES;
				CLANG_WARN_BOOL_CONVERSION = YES;
				CLANG_WARN_COMMA = YES;
				CLANG_WARN_CONSTANT_CONVERSION = YES;
				CLANG_WARN_DEPRECATED_OBJC_IMPLEMENTATIONS = YES;
				CLANG_WARN_DIRECT_OBJC_ISA_USAGE = YES_ERROR;
				CLANG_WARN_DOCUMENTATION_COMMENTS = YES;
				CLANG_WARN_EMPTY_BODY = YES;
				CLANG_WARN_ENUM_CONVERSION = YES;
				CLANG_WARN_INFINITE_RECURSION = YES;
				CLANG_WARN_INT_CONVERSION = YES;
				CLANG_WARN_NON_LITERAL_NULL_CONVERSION = YES;
				CLANG_WARN_OBJC_IMPLICIT_RETAIN_SELF = YES;
				CLANG_WARN_OBJC_LITERAL_CONVERSION = YES;
				CLANG_WARN_OBJC_ROOT_CLASS = YES_ERROR;
				CLANG_WARN_RANGE_LOOP_ANALYSIS = YES;
				CLANG_WARN_STRICT_PROTOTYPES = YES;
				CLANG_WARN_SUSPICIOUS_MOVE = YES;
				CLANG_WARN_UNGUARDED_AVAILABILITY = YES_AGGRESSIVE;
				CLANG_WARN_UNREACHABLE_CODE = YES;
				CLANG_WARN__DUPLICATE_METHOD_MATCH = YES;
				CODE_SIGN_IDENTITY = "iPhone Developer";
				COPY_PHASE_STRIP = NO;
				DEBUG_INFORMATION_FORMAT = "dwarf-with-dsym";
				ENABLE_NS_ASSERTIONS = NO;
				ENABLE_STRICT_OBJC_MSGSEND = YES;
				GCC_C_LANGUAGE_STANDARD = gnu11;
				GCC_NO_COMMON_BLOCKS = YES;
				GCC_WARN_64_TO_32_BIT_CONVERSION = YES;
				GCC_WARN_ABOUT_RETURN_TYPE = YES_ERROR;
				GCC_WARN_UNDECLARED_SELECTOR = YES;
				GCC_WARN_UNINITIALIZED_AUTOS = YES_AGGRESSIVE;
				GCC_WARN_UNUSED_FUNCTION = YES;
				GCC_WARN_UNUSED_VARIABLE = YES;
				IPHONEOS_DEPLOYMENT_TARGET = 12.2;
				MTL_ENABLE_DEBUG_INFO = NO;
				MTL_FAST_MATH = YES;
				SDKROOT = iphoneos;
				VALIDATE_PRODUCT = YES;
			};
			name = Release;
		};
		93573AC1230F6E420014F11D /* Debug */ = {
			isa = XCBuildConfiguration;
			buildSettings = {
				ASSETCATALOG_COMPILER_APPICON_NAME = AppIcon;
				CODE_SIGN_STYLE = Automatic;
				DEVELOPMENT_TEAM = C2V259WG54;
				INFOPLIST_FILE = AnimationHighSkill_2/Info.plist;
				LD_RUNPATH_SEARCH_PATHS = (
					"$(inherited)",
					"@executable_path/Frameworks",
				);
				PRODUCT_BUNDLE_IDENTIFIER = "com.chen.AnimationHighSkill-2";
				PRODUCT_NAME = "$(TARGET_NAME)";
				TARGETED_DEVICE_FAMILY = "1,2";
			};
			name = Debug;
		};
		93573AC2230F6E420014F11D /* Release */ = {
			isa = XCBuildConfiguration;
			buildSettings = {
				ASSETCATALOG_COMPILER_APPICON_NAME = AppIcon;
				CODE_SIGN_STYLE = Automatic;
				DEVELOPMENT_TEAM = C2V259WG54;
				INFOPLIST_FILE = AnimationHighSkill_2/Info.plist;
				LD_RUNPATH_SEARCH_PATHS = (
					"$(inherited)",
					"@executable_path/Frameworks",
				);
				PRODUCT_BUNDLE_IDENTIFIER = "com.chen.AnimationHighSkill-2";
				PRODUCT_NAME = "$(TARGET_NAME)";
				TARGETED_DEVICE_FAMILY = "1,2";
			};
			name = Release;
		};
/* End XCBuildConfiguration section */

/* Begin XCConfigurationList section */
		93573AA5230F6E400014F11D /* Build configuration list for PBXProject "AnimationHighSkill_2" */ = {
			isa = XCConfigurationList;
			buildConfigurations = (
				93573ABE230F6E420014F11D /* Debug */,
				93573ABF230F6E420014F11D /* Release */,
			);
			defaultConfigurationIsVisible = 0;
			defaultConfigurationName = Release;
		};
		93573AC0230F6E420014F11D /* Build configuration list for PBXNativeTarget "AnimationHighSkill_2" */ = {
			isa = XCConfigurationList;
			buildConfigurations = (
				93573AC1230F6E420014F11D /* Debug */,
				93573AC2230F6E420014F11D /* Release */,
			);
			defaultConfigurationIsVisible = 0;
			defaultConfigurationName = Release;
		};
/* End XCConfigurationList section */
	};
	rootObject = 93573AA2230F6E400014F11D /* Project object */;
}
